
Microsoft Visual Studio Solution File, Format Version 12.00
# Visual Studio 14
VisualStudioVersion = 14.0.25420.1
MinimumVisualStudioVersion = 10.0.40219.1
Project("{FAE04EC0-301F-11D3-BF4B-00C04F79EFBC}") = "CarApplication", "CarApplication\CarApplication.csproj", "{3326FA09-5A48-43E4-8B4F-C1D579DC5C26}"
EndProject
Project("{FAE04EC0-301F-11D3-BF4B-00C04F79EFBC}") = "HeaterApplication", "HeaterApplication\HeaterApplication.csproj", "{52C74B3C-3227-4246-BCC6-E772E1CDA377}"
EndProject
Project("{FAE04EC0-301F-11D3-BF4B-00C04F79EFBC}") = "tehtävä02", "tehtävä02\tehtävä02.csproj", "{3DA853BC-9450-4B5D-A02B-69172767CAEF}"
EndProject
Project("{FAE04EC0-301F-11D3-BF4B-00C04F79EFBC}") = "tehtävä03", "tehtävä03\tehtävä03.csproj", "{84BC6ABA-4503-43DC-A3DC-06E3B4656BF3}"
EndProject
Project("{FAE04EC0-301F-11D3-BF4B-00C04F79EFBC}") = "tehtävä04", "tehtävä04\tehtävä04.csproj", "{5589BE34-1970-4A17-89E9-A8563E36CC43}"
EndProject
Project("{FAE04EC0-301F-11D3-BF4B-00C04F79EFBC}") = "tehtävä05", "tehtava05\tehtävä05.csproj", "{4DA5FB14-9E86-4CA3-9639-C62ADC675354}"
EndProject
Global
	GlobalSection(SolutionConfigurationPlatforms) = preSolution
		Debug|Any CPU = Debug|Any CPU
		Release|Any CPU = Release|Any CPU
	EndGlobalSection
	GlobalSection(ProjectConfigurationPlatforms) = postSolution
		{3326FA09-5A48-43E4-8B4F-C1D579DC5C26}.Debug|Any CPU.ActiveCfg = Debug|Any CPU
		{3326FA09-5A48-43E4-8B4F-C1D579DC5C26}.Debug|Any CPU.Build.0 = Debug|Any CPU
		{3326FA09-5A48-43E4-8B4F-C1D579DC5C26}.Release|Any CPU.ActiveCfg = Release|Any CPU
		{3326FA09-5A48-43E4-8B4F-C1D579DC5C26}.Release|Any CPU.Build.0 = Release|Any CPU
		{52C74B3C-3227-4246-BCC6-E772E1CDA377}.Debug|Any CPU.ActiveCfg = Debug|Any CPU
		{52C74B3C-3227-4246-BCC6-E772E1CDA377}.Debug|Any CPU.Build.0 = Debug|Any CPU
		{52C74B3C-3227-4246-BCC6-E772E1CDA377}.Release|Any CPU.ActiveCfg = Release|Any CPU
		{52C74B3C-3227-4246-BCC6-E772E1CDA377}.Release|Any CPU.Build.0 = Release|Any CPU
		{3DA853BC-9450-4B5D-A02B-69172767CAEF}.Debug|Any CPU.ActiveCfg = Debug|Any CPU
		{3DA853BC-9450-4B5D-A02B-69172767CAEF}.Debug|Any CPU.Build.0 = Debug|Any CPU
		{3DA853BC-9450-4B5D-A02B-69172767CAEF}.Release|Any CPU.ActiveCfg = Release|Any CPU
		{3DA853BC-9450-4B5D-A02B-69172767CAEF}.Release|Any CPU.Build.0 = Release|Any CPU
		{84BC6ABA-4503-43DC-A3DC-06E3B4656BF3}.Debug|Any CPU.ActiveCfg = Debug|Any CPU
		{84BC6ABA-4503-43DC-A3DC-06E3B4656BF3}.Debug|Any CPU.Build.0 = Debug|Any CPU
		{84BC6ABA-4503-43DC-A3DC-06E3B4656BF3}.Release|Any CPU.ActiveCfg = Release|Any CPU
		{84BC6ABA-4503-43DC-A3DC-06E3B4656BF3}.Release|Any CPU.Build.0 = Release|Any CPU
		{5589BE34-1970-4A17-89E9-A8563E36CC43}.Debug|Any CPU.ActiveCfg = Debug|Any CPU
		{5589BE34-1970-4A17-89E9-A8563E36CC43}.Debug|Any CPU.Build.0 = Debug|Any CPU
		{5589BE34-1970-4A17-89E9-A8563E36CC43}.Release|Any CPU.ActiveCfg = Release|Any CPU
		{5589BE34-1970-4A17-89E9-A8563E36CC43}.Release|Any CPU.Build.0 = Release|Any CPU
		{4DA5FB14-9E86-4CA3-9639-C62ADC675354}.Debug|Any CPU.ActiveCfg = Debug|Any CPU
		{4DA5FB14-9E86-4CA3-9639-C62ADC675354}.Debug|Any CPU.Build.0 = Debug|Any CPU
		{4DA5FB14-9E86-4CA3-9639-C62ADC675354}.Release|Any CPU.ActiveCfg = Release|Any CPU
		{4DA5FB14-9E86-4CA3-9639-C62ADC675354}.Release|Any CPU.Build.0 = Release|Any CPU
	EndGlobalSection
	GlobalSection(SolutionProperties) = preSolution
		HideSolutionNode = FALSE
	EndGlobalSection
EndGlobal
